
Microsoft Visual Studio Solution File, Format Version 12.00
# Visual Studio Version 16
VisualStudioVersion = 16.0.30114.105
MinimumVisualStudioVersion = 10.0.40219.1
Project("{2150E333-8FDC-42A3-9474-1A3956D46DE8}") = "src", "src", "{8C14837C-6C66-40EC-B1EE-C5190BC4C52D}"
EndProject
Project("{FAE04EC0-301F-11D3-BF4B-00C04F79EFBC}") = "Lern.Api", "src\Lern.Api\Lern.Api.csproj", "{1FCDE296-035A-4FEA-B492-18795D043EC4}"
EndProject
Project("{FAE04EC0-301F-11D3-BF4B-00C04F79EFBC}") = "Lern.Core", "src\Lern.Core\Lern.Core.csproj", "{556AE0A6-AC56-48C1-ABBC-F7708D9B7C10}"
EndProject
Project("{FAE04EC0-301F-11D3-BF4B-00C04F79EFBC}") = "Lern.Infrastructure", "src\Lern.Infrastructure\Lern.Infrastructure.csproj", "{9B9299D0-D7EB-4DFF-87CF-F0B61AC4B3E0}"
EndProject
Project("{2150E333-8FDC-42A3-9474-1A3956D46DE8}") = "test", "test", "{8581921B-1D51-4E25-960C-E40339D50970}"
EndProject
Project("{FAE04EC0-301F-11D3-BF4B-00C04F79EFBC}") = "Lern.UnitTests", "test\Lern.UnitTests\Lern.UnitTests.csproj", "{6C95E6B3-F3F8-45E4-98B6-D1A406B3C473}"
EndProject
Project("{FAE04EC0-301F-11D3-BF4B-00C04F79EFBC}") = "Lern.IntegrationTests", "test\Lern.IntegrationTests\Lern.IntegrationTests.csproj", "{7A537EAB-128A-49D4-92A4-201A904C62D1}"
EndProject
Global
	GlobalSection(SolutionConfigurationPlatforms) = preSolution
		Debug|Any CPU = Debug|Any CPU
		Debug|x64 = Debug|x64
		Debug|x86 = Debug|x86
		Release|Any CPU = Release|Any CPU
		Release|x64 = Release|x64
		Release|x86 = Release|x86
	EndGlobalSection
	GlobalSection(SolutionProperties) = preSolution
		HideSolutionNode = FALSE
	EndGlobalSection
	GlobalSection(ProjectConfigurationPlatforms) = postSolution
		{1FCDE296-035A-4FEA-B492-18795D043EC4}.Debug|Any CPU.ActiveCfg = Debug|Any CPU
		{1FCDE296-035A-4FEA-B492-18795D043EC4}.Debug|Any CPU.Build.0 = Debug|Any CPU
		{1FCDE296-035A-4FEA-B492-18795D043EC4}.Debug|x64.ActiveCfg = Debug|Any CPU
		{1FCDE296-035A-4FEA-B492-18795D043EC4}.Debug|x64.Build.0 = Debug|Any CPU
		{1FCDE296-035A-4FEA-B492-18795D043EC4}.Debug|x86.ActiveCfg = Debug|Any CPU
		{1FCDE296-035A-4FEA-B492-18795D043EC4}.Debug|x86.Build.0 = Debug|Any CPU
		{1FCDE296-035A-4FEA-B492-18795D043EC4}.Release|Any CPU.ActiveCfg = Release|Any CPU
		{1FCDE296-035A-4FEA-B492-18795D043EC4}.Release|Any CPU.Build.0 = Release|Any CPU
		{1FCDE296-035A-4FEA-B492-18795D043EC4}.Release|x64.ActiveCfg = Release|Any CPU
		{1FCDE296-035A-4FEA-B492-18795D043EC4}.Release|x64.Build.0 = Release|Any CPU
		{1FCDE296-035A-4FEA-B492-18795D043EC4}.Release|x86.ActiveCfg = Release|Any CPU
		{1FCDE296-035A-4FEA-B492-18795D043EC4}.Release|x86.Build.0 = Release|Any CPU
		{556AE0A6-AC56-48C1-ABBC-F7708D9B7C10}.Debug|Any CPU.ActiveCfg = Debug|Any CPU
		{556AE0A6-AC56-48C1-ABBC-F7708D9B7C10}.Debug|Any CPU.Build.0 = Debug|Any CPU
		{556AE0A6-AC56-48C1-ABBC-F7708D9B7C10}.Debug|x64.ActiveCfg = Debug|Any CPU
		{556AE0A6-AC56-48C1-ABBC-F7708D9B7C10}.Debug|x64.Build.0 = Debug|Any CPU
		{556AE0A6-AC56-48C1-ABBC-F7708D9B7C10}.Debug|x86.ActiveCfg = Debug|Any CPU
		{556AE0A6-AC56-48C1-ABBC-F7708D9B7C10}.Debug|x86.Build.0 = Debug|Any CPU
		{556AE0A6-AC56-48C1-ABBC-F7708D9B7C10}.Release|Any CPU.ActiveCfg = Release|Any CPU
		{556AE0A6-AC56-48C1-ABBC-F7708D9B7C10}.Release|Any CPU.Build.0 = Release|Any CPU
		{556AE0A6-AC56-48C1-ABBC-F7708D9B7C10}.Release|x64.ActiveCfg = Release|Any CPU
		{556AE0A6-AC56-48C1-ABBC-F7708D9B7C10}.Release|x64.Build.0 = Release|Any CPU
		{556AE0A6-AC56-48C1-ABBC-F7708D9B7C10}.Release|x86.ActiveCfg = Release|Any CPU
		{556AE0A6-AC56-48C1-ABBC-F7708D9B7C10}.Release|x86.Build.0 = Release|Any CPU
		{9B9299D0-D7EB-4DFF-87CF-F0B61AC4B3E0}.Debug|Any CPU.ActiveCfg = Debug|Any CPU
		{9B9299D0-D7EB-4DFF-87CF-F0B61AC4B3E0}.Debug|Any CPU.Build.0 = Debug|Any CPU
		{9B9299D0-D7EB-4DFF-87CF-F0B61AC4B3E0}.Debug|x64.ActiveCfg = Debug|Any CPU
		{9B9299D0-D7EB-4DFF-87CF-F0B61AC4B3E0}.Debug|x64.Build.0 = Debug|Any CPU
		{9B9299D0-D7EB-4DFF-87CF-F0B61AC4B3E0}.Debug|x86.ActiveCfg = Debug|Any CPU
		{9B9299D0-D7EB-4DFF-87CF-F0B61AC4B3E0}.Debug|x86.Build.0 = Debug|Any CPU
		{9B9299D0-D7EB-4DFF-87CF-F0B61AC4B3E0}.Release|Any CPU.ActiveCfg = Release|Any CPU
		{9B9299D0-D7EB-4DFF-87CF-F0B61AC4B3E0}.Release|Any CPU.Build.0 = Release|Any CPU
		{9B9299D0-D7EB-4DFF-87CF-F0B61AC4B3E0}.Release|x64.ActiveCfg = Release|Any CPU
		{9B9299D0-D7EB-4DFF-87CF-F0B61AC4B3E0}.Release|x64.Build.0 = Release|Any CPU
		{9B9299D0-D7EB-4DFF-87CF-F0B61AC4B3E0}.Release|x86.ActiveCfg = Release|Any CPU
		{9B9299D0-D7EB-4DFF-87CF-F0B61AC4B3E0}.Release|x86.Build.0 = Release|Any CPU
		{6C95E6B3-F3F8-45E4-98B6-D1A406B3C473}.Debug|Any CPU.ActiveCfg = Debug|Any CPU
		{6C95E6B3-F3F8-45E4-98B6-D1A406B3C473}.Debug|Any CPU.Build.0 = Debug|Any CPU
		{6C95E6B3-F3F8-45E4-98B6-D1A406B3C473}.Debug|x64.ActiveCfg = Debug|Any CPU
		{6C95E6B3-F3F8-45E4-98B6-D1A406B3C473}.Debug|x64.Build.0 = Debug|Any CPU
		{6C95E6B3-F3F8-45E4-98B6-D1A406B3C473}.Debug|x86.ActiveCfg = Debug|Any CPU
		{6C95E6B3-F3F8-45E4-98B6-D1A406B3C473}.Debug|x86.Build.0 = Debug|Any CPU
		{6C95E6B3-F3F8-45E4-98B6-D1A406B3C473}.Release|Any CPU.ActiveCfg = Release|Any CPU
		{6C95E6B3-F3F8-45E4-98B6-D1A406B3C473}.Release|Any CPU.Build.0 = Release|Any CPU
		{6C95E6B3-F3F8-45E4-98B6-D1A406B3C473}.Release|x64.ActiveCfg = Release|Any CPU
		{6C95E6B3-F3F8-45E4-98B6-D1A406B3C473}.Release|x64.Build.0 = Release|Any CPU
		{6C95E6B3-F3F8-45E4-98B6-D1A406B3C473}.Release|x86.ActiveCfg = Release|Any CPU
		{6C95E6B3-F3F8-45E4-98B6-D1A406B3C473}.Release|x86.Build.0 = Release|Any CPU
		{7A537EAB-128A-49D4-92A4-201A904C62D1}.Debug|Any CPU.ActiveCfg = Debug|Any CPU
		{7A537EAB-128A-49D4-92A4-201A904C62D1}.Debug|Any CPU.Build.0 = Debug|Any CPU
		{7A537EAB-128A-49D4-92A4-201A904C62D1}.Debug|x64.ActiveCfg = Debug|Any CPU
		{7A537EAB-128A-49D4-92A4-201A904C62D1}.Debug|x64.Build.0 = Debug|Any CPU
		{7A537EAB-128A-49D4-92A4-201A904C62D1}.Debug|x86.ActiveCfg = Debug|Any CPU
		{7A537EAB-128A-49D4-92A4-201A904C62D1}.Debug|x86.Build.0 = Debug|Any CPU
		{7A537EAB-128A-49D4-92A4-201A904C62D1}.Release|Any CPU.ActiveCfg = Release|Any CPU
		{7A537EAB-128A-49D4-92A4-201A904C62D1}.Release|Any CPU.Build.0 = Release|Any CPU
		{7A537EAB-128A-49D4-92A4-201A904C62D1}.Release|x64.ActiveCfg = Release|Any CPU
		{7A537EAB-128A-49D4-92A4-201A904C62D1}.Release|x64.Build.0 = Release|Any CPU
		{7A537EAB-128A-49D4-92A4-201A904C62D1}.Release|x86.ActiveCfg = Release|Any CPU
		{7A537EAB-128A-49D4-92A4-201A904C62D1}.Release|x86.Build.0 = Release|Any CPU
	EndGlobalSection
	GlobalSection(NestedProjects) = preSolution
		{1FCDE296-035A-4FEA-B492-18795D043EC4} = {8C14837C-6C66-40EC-B1EE-C5190BC4C52D}
		{556AE0A6-AC56-48C1-ABBC-F7708D9B7C10} = {8C14837C-6C66-40EC-B1EE-C5190BC4C52D}
		{9B9299D0-D7EB-4DFF-87CF-F0B61AC4B3E0} = {8C14837C-6C66-40EC-B1EE-C5190BC4C52D}
		{6C95E6B3-F3F8-45E4-98B6-D1A406B3C473} = {8581921B-1D51-4E25-960C-E40339D50970}
		{7A537EAB-128A-49D4-92A4-201A904C62D1} = {8581921B-1D51-4E25-960C-E40339D50970}
	EndGlobalSection
EndGlobal
